
Microsoft Visual Studio Solution File, Format Version 12.00
# Visual Studio Version 17
VisualStudioVersion = 17.6.33801.468
MinimumVisualStudioVersion = 10.0.40219.1
Project("{FAE04EC0-301F-11D3-BF4B-00C04F79EFBC}") = "ModelingJobsWithDataLogEntriesExample", "ModelingJobsWithDataLogEntriesExample\ModelingJobsWithDataLogEntriesExample.csproj", "{15EC9B6B-A363-4474-AD8B-5766312C1E79}"
EndProject
Global
	GlobalSection(SolutionConfigurationPlatforms) = preSolution
		Debug|Any CPU = Debug|Any CPU
		Release|Any CPU = Release|Any CPU
	EndGlobalSection
	GlobalSection(ProjectConfigurationPlatforms) = postSolution
		{15EC9B6B-A363-4474-AD8B-5766312C1E79}.Debug|Any CPU.ActiveCfg = Debug|Any CPU
		{15EC9B6B-A363-4474-AD8B-5766312C1E79}.Debug|Any CPU.Build.0 = Debug|Any CPU
		{15EC9B6B-A363-4474-AD8B-5766312C1E79}.Release|Any CPU.ActiveCfg = Release|Any CPU
		{15EC9B6B-A363-4474-AD8B-5766312C1E79}.Release|Any CPU.Build.0 = Release|Any CPU
	EndGlobalSection
	GlobalSection(SolutionProperties) = preSolution
		HideSolutionNode = FALSE
	EndGlobalSection
	GlobalSection(ExtensibilityGlobals) = postSolution
		SolutionGuid = {C390C4A9-51EA-4759-8B88-87FD210D5A50}
	EndGlobalSection
EndGlobal
